
Microsoft Visual Studio Solution File, Format Version 12.00
# Visual Studio Version 17
VisualStudioVersion = 17.8.34511.84
MinimumVisualStudioVersion = 10.0.40219.1
Project("{FAE04EC0-301F-11D3-BF4B-00C04F79EFBC}") = "BookingTrips", "BookingTrips\BookingTrips.csproj", "{4E080C55-BEA1-4625-BDE9-594D99D42775}"
EndProject
Global
	GlobalSection(SolutionConfigurationPlatforms) = preSolution
		Debug|Any CPU = Debug|Any CPU
		Release|Any CPU = Release|Any CPU
	EndGlobalSection
	GlobalSection(ProjectConfigurationPlatforms) = postSolution
		{4E080C55-BEA1-4625-BDE9-594D99D42775}.Debug|Any CPU.ActiveCfg = Debug|Any CPU
		{4E080C55-BEA1-4625-BDE9-594D99D42775}.Debug|Any CPU.Build.0 = Debug|Any CPU
		{4E080C55-BEA1-4625-BDE9-594D99D42775}.Release|Any CPU.ActiveCfg = Release|Any CPU
		{4E080C55-BEA1-4625-BDE9-594D99D42775}.Release|Any CPU.Build.0 = Release|Any CPU
	EndGlobalSection
	GlobalSection(SolutionProperties) = preSolution
		HideSolutionNode = FALSE
	EndGlobalSection
	GlobalSection(ExtensibilityGlobals) = postSolution
		SolutionGuid = {F5D94693-EFEF-4D6A-9AAB-58551760F2FD}
	EndGlobalSection
EndGlobal
